
Microsoft Visual Studio Solution File, Format Version 12.00
# Visual Studio Version 17
VisualStudioVersion = 17.1.32210.238
MinimumVisualStudioVersion = 10.0.40219.1
Project("{9A19103F-16F7-4668-BE54-9A1E7A4F7556}") = "PNote.Core", "PNote.Core\PNote.Core.csproj", "{D86F7690-FAA0-46F4-BBA3-3020D7ACDD70}"
EndProject
Project("{9A19103F-16F7-4668-BE54-9A1E7A4F7556}") = "PNote", "PNote.WPF\PNote.csproj", "{84E2E3AA-FA79-43B5-B4E7-9271C98B0051}"
EndProject
Global
	GlobalSection(SolutionConfigurationPlatforms) = preSolution
		Debug|Any CPU = Debug|Any CPU
		Release|Any CPU = Release|Any CPU
	EndGlobalSection
	GlobalSection(ProjectConfigurationPlatforms) = postSolution
		{D86F7690-FAA0-46F4-BBA3-3020D7ACDD70}.Debug|Any CPU.ActiveCfg = Debug|Any CPU
		{D86F7690-FAA0-46F4-BBA3-3020D7ACDD70}.Debug|Any CPU.Build.0 = Debug|Any CPU
		{D86F7690-FAA0-46F4-BBA3-3020D7ACDD70}.Release|Any CPU.ActiveCfg = Release|Any CPU
		{D86F7690-FAA0-46F4-BBA3-3020D7ACDD70}.Release|Any CPU.Build.0 = Release|Any CPU
		{84E2E3AA-FA79-43B5-B4E7-9271C98B0051}.Debug|Any CPU.ActiveCfg = Debug|Any CPU
		{84E2E3AA-FA79-43B5-B4E7-9271C98B0051}.Debug|Any CPU.Build.0 = Debug|Any CPU
		{84E2E3AA-FA79-43B5-B4E7-9271C98B0051}.Release|Any CPU.ActiveCfg = Release|Any CPU
		{84E2E3AA-FA79-43B5-B4E7-9271C98B0051}.Release|Any CPU.Build.0 = Release|Any CPU
	EndGlobalSection
	GlobalSection(SolutionProperties) = preSolution
		HideSolutionNode = FALSE
	EndGlobalSection
	GlobalSection(ExtensibilityGlobals) = postSolution
		SolutionGuid = {E40B37D7-5EA8-4373-9200-44386F25EE0A}
	EndGlobalSection
EndGlobal
